
Microsoft Visual Studio Solution File, Format Version 12.00
# Visual Studio Version 17
VisualStudioVersion = 17.14.36717.8 d17.14
MinimumVisualStudioVersion = 10.0.40219.1
Project("{FAE04EC0-301F-11D3-BF4B-00C04F79EFBC}") = "Dars2_5_Abstarakshin", "Dars2_5_Abstarakshin\Dars2_5_Abstarakshin.csproj", "{18BCC918-CCEE-4779-9478-F0216001DB00}"
EndProject
Global
	GlobalSection(SolutionConfigurationPlatforms) = preSolution
		Debug|Any CPU = Debug|Any CPU
		Release|Any CPU = Release|Any CPU
	EndGlobalSection
	GlobalSection(ProjectConfigurationPlatforms) = postSolution
		{18BCC918-CCEE-4779-9478-F0216001DB00}.Debug|Any CPU.ActiveCfg = Debug|Any CPU
		{18BCC918-CCEE-4779-9478-F0216001DB00}.Debug|Any CPU.Build.0 = Debug|Any CPU
		{18BCC918-CCEE-4779-9478-F0216001DB00}.Release|Any CPU.ActiveCfg = Release|Any CPU
		{18BCC918-CCEE-4779-9478-F0216001DB00}.Release|Any CPU.Build.0 = Release|Any CPU
	EndGlobalSection
	GlobalSection(SolutionProperties) = preSolution
		HideSolutionNode = FALSE
	EndGlobalSection
	GlobalSection(ExtensibilityGlobals) = postSolution
		SolutionGuid = {ABB80C9C-8827-4299-A3A1-6E8A5DEEE1C8}
	EndGlobalSection
EndGlobal
