
Microsoft Visual Studio Solution File, Format Version 12.00
# Visual Studio Version 17
VisualStudioVersion = 17.14.36717.8 d17.14
MinimumVisualStudioVersion = 10.0.40219.1
Project("{2150E333-8FDC-42A3-9474-1A3956D46DE8}") = "src", "src", "{02EA681E-C7D8-13C7-8484-4AC65E1B71E8}"
EndProject
Project("{FAE04EC0-301F-11D3-BF4B-00C04F79EFBC}") = "User.Api", "src\User.Api\User.Api.csproj", "{42EF7FDE-C919-434B-82E1-3531E7C2109A}"
EndProject
Global
	GlobalSection(SolutionConfigurationPlatforms) = preSolution
		Debug|Any CPU = Debug|Any CPU
		Release|Any CPU = Release|Any CPU
	EndGlobalSection
	GlobalSection(ProjectConfigurationPlatforms) = postSolution
		{42EF7FDE-C919-434B-82E1-3531E7C2109A}.Debug|Any CPU.ActiveCfg = Debug|Any CPU
		{42EF7FDE-C919-434B-82E1-3531E7C2109A}.Debug|Any CPU.Build.0 = Debug|Any CPU
		{42EF7FDE-C919-434B-82E1-3531E7C2109A}.Release|Any CPU.ActiveCfg = Release|Any CPU
		{42EF7FDE-C919-434B-82E1-3531E7C2109A}.Release|Any CPU.Build.0 = Release|Any CPU
	EndGlobalSection
	GlobalSection(SolutionProperties) = preSolution
		HideSolutionNode = FALSE
	EndGlobalSection
	GlobalSection(NestedProjects) = preSolution
		{42EF7FDE-C919-434B-82E1-3531E7C2109A} = {02EA681E-C7D8-13C7-8484-4AC65E1B71E8}
	EndGlobalSection
	GlobalSection(ExtensibilityGlobals) = postSolution
		SolutionGuid = {00AAE502-0B85-4CDA-9F1A-D0A85F677AA6}
	EndGlobalSection
EndGlobal
