
Microsoft Visual Studio Solution File, Format Version 12.00
# Visual Studio Version 17
VisualStudioVersion = 17.14.36717.8
MinimumVisualStudioVersion = 10.0.40219.1
Project("{2150E333-8FDC-42A3-9474-1A3956D46DE8}") = "src", "src", "{02EA681E-C7D8-13C7-8484-4AC65E1B71E8}"
EndProject
Project("{FAE04EC0-301F-11D3-BF4B-00C04F79EFBC}") = "Exam", "src\Exam\Exam.csproj", "{15407681-58E2-4E63-B100-DE5D6C568453}"
EndProject
Global
	GlobalSection(SolutionConfigurationPlatforms) = preSolution
		Debug|Any CPU = Debug|Any CPU
		Release|Any CPU = Release|Any CPU
	EndGlobalSection
	GlobalSection(ProjectConfigurationPlatforms) = postSolution
		{15407681-58E2-4E63-B100-DE5D6C568453}.Debug|Any CPU.ActiveCfg = Debug|Any CPU
		{15407681-58E2-4E63-B100-DE5D6C568453}.Debug|Any CPU.Build.0 = Debug|Any CPU
		{15407681-58E2-4E63-B100-DE5D6C568453}.Release|Any CPU.ActiveCfg = Release|Any CPU
		{15407681-58E2-4E63-B100-DE5D6C568453}.Release|Any CPU.Build.0 = Release|Any CPU
	EndGlobalSection
	GlobalSection(SolutionProperties) = preSolution
		HideSolutionNode = FALSE
	EndGlobalSection
	GlobalSection(NestedProjects) = preSolution
		{15407681-58E2-4E63-B100-DE5D6C568453} = {02EA681E-C7D8-13C7-8484-4AC65E1B71E8}
	EndGlobalSection
	GlobalSection(ExtensibilityGlobals) = postSolution
		SolutionGuid = {C06264AD-74BA-4627-A985-34A7A8CECD21}
	EndGlobalSection
EndGlobal
